
Microsoft Visual Studio Solution File, Format Version 12.00
# Visual Studio Version 16
VisualStudioVersion = 16.0.30907.101
MinimumVisualStudioVersion = 10.0.40219.1
Project("{FAE04EC0-301F-11D3-BF4B-00C04F79EFBC}") = "reactest", "reactest\reactest.csproj", "{919C2CB3-F3C4-485A-BACC-3735F8A82BEF}"
EndProject
Global
	GlobalSection(SolutionConfigurationPlatforms) = preSolution
		Debug|Any CPU = Debug|Any CPU
		Release|Any CPU = Release|Any CPU
	EndGlobalSection
	GlobalSection(ProjectConfigurationPlatforms) = postSolution
		{919C2CB3-F3C4-485A-BACC-3735F8A82BEF}.Debug|Any CPU.ActiveCfg = Debug|Any CPU
		{919C2CB3-F3C4-485A-BACC-3735F8A82BEF}.Debug|Any CPU.Build.0 = Debug|Any CPU
		{919C2CB3-F3C4-485A-BACC-3735F8A82BEF}.Release|Any CPU.ActiveCfg = Release|Any CPU
		{919C2CB3-F3C4-485A-BACC-3735F8A82BEF}.Release|Any CPU.Build.0 = Release|Any CPU
	EndGlobalSection
	GlobalSection(SolutionProperties) = preSolution
		HideSolutionNode = FALSE
	EndGlobalSection
	GlobalSection(ExtensibilityGlobals) = postSolution
		SolutionGuid = {7BCB27E2-03FF-4765-AB0D-EF2D1330F284}
	EndGlobalSection
EndGlobal
